// !$*UTF8*$!
{
	archiveVersion = 1;
	classes = {
	};
	objectVersion = 46;
	objects = {

/* Begin PBXBuildFile section */
		848BE5EB1FE408D8004FA73F /* Home.storyboard in Resources */ = {isa = PBXBuildFile; fileRef = 848BE5EA1FE408D8004FA73F /* Home.storyboard */; };
		848BE5ED1FE40985004FA73F /* Live.storyboard in Resources */ = {isa = PBXBuildFile; fileRef = 848BE5EC1FE40985004FA73F /* Live.storyboard */; };
		848BE6071FE40BAF004FA73F /* MainController.swift in Sources */ = {isa = PBXBuildFile; fileRef = 848BE6061FE40BAF004FA73F /* MainController.swift */; };
		848BE6091FE40DCD004FA73F /* Follow.storyboard in Resources */ = {isa = PBXBuildFile; fileRef = 848BE6081FE40DCD004FA73F /* Follow.storyboard */; };
		848BE60B1FE40ECC004FA73F /* Profile.storyboard in Resources */ = {isa = PBXBuildFile; fileRef = 848BE60A1FE40ECB004FA73F /* Profile.storyboard */; };
		84AFF3011FE177F1006DBC83 /* AppDelegate.swift in Sources */ = {isa = PBXBuildFile; fileRef = 84AFF3001FE177F1006DBC83 /* AppDelegate.swift */; };
		84AFF3081FE177F1006DBC83 /* Main.storyboard in Resources */ = {isa = PBXBuildFile; fileRef = 84AFF3061FE177F1006DBC83 /* Main.storyboard */; };
		84AFF30A1FE177F1006DBC83 /* Assets.xcassets in Resources */ = {isa = PBXBuildFile; fileRef = 84AFF3091FE177F1006DBC83 /* Assets.xcassets */; };
		84AFF30D1FE177F1006DBC83 /* LaunchScreen.storyboard in Resources */ = {isa = PBXBuildFile; fileRef = 84AFF30B1FE177F1006DBC83 /* LaunchScreen.storyboard */; };
/* End PBXBuildFile section */

/* Begin PBXFileReference section */
		848BE5EA1FE408D8004FA73F /* Home.storyboard */ = {isa = PBXFileReference; fileEncoding = 4; lastKnownFileType = file.storyboard; name = Home.storyboard; path = DYZBDemo/Classes/Home/Home.storyboard; sourceTree = SOURCE_ROOT; };
		848BE5EC1FE40985004FA73F /* Live.storyboard */ = {isa = PBXFileReference; fileEncoding = 4; lastKnownFileType = file.storyboard; name = Live.storyboard; path = DYZBDemo/Classes/Live/Live.storyboard; sourceTree = SOURCE_ROOT; };
		848BE6061FE40BAF004FA73F /* MainController.swift */ = {isa = PBXFileReference; fileEncoding = 4; lastKnownFileType = sourcecode.swift; path = MainController.swift; sourceTree = "<group>"; };
		848BE6081FE40DCD004FA73F /* Follow.storyboard */ = {isa = PBXFileReference; fileEncoding = 4; lastKnownFileType = file.storyboard; path = Follow.storyboard; sourceTree = "<group>"; };
		848BE60A1FE40ECB004FA73F /* Profile.storyboard */ = {isa = PBXFileReference; fileEncoding = 4; lastKnownFileType = file.storyboard; path = Profile.storyboard; sourceTree = "<group>"; };
		84AFF2FD1FE177F1006DBC83 /* DYZBDemo.app */ = {isa = PBXFileReference; explicitFileType = wrapper.application; includeInIndex = 0; path = DYZBDemo.app; sourceTree = BUILT_PRODUCTS_DIR; };
		84AFF3001FE177F1006DBC83 /* AppDelegate.swift */ = {isa = PBXFileReference; lastKnownFileType = sourcecode.swift; path = AppDelegate.swift; sourceTree = "<group>"; };
		84AFF3071FE177F1006DBC83 /* Base */ = {isa = PBXFileReference; lastKnownFileType = file.storyboard; name = Base; path = Base.lproj/Main.storyboard; sourceTree = "<group>"; };
		84AFF3091FE177F1006DBC83 /* Assets.xcassets */ = {isa = PBXFileReference; lastKnownFileType = folder.assetcatalog; path = Assets.xcassets; sourceTree = "<group>"; };
		84AFF30C1FE177F1006DBC83 /* Base */ = {isa = PBXFileReference; lastKnownFileType = file.storyboard; name = Base; path = Base.lproj/LaunchScreen.storyboard; sourceTree = "<group>"; };
		84AFF30E1FE177F1006DBC83 /* Info.plist */ = {isa = PBXFileReference; lastKnownFileType = text.plist.xml; path = Info.plist; sourceTree = "<group>"; };
/* End PBXFileReference section */

/* Begin PBXFrameworksBuildPhase section */
		84AFF2FA1FE177F1006DBC83 /* Frameworks */ = {
			isa = PBXFrameworksBuildPhase;
			buildActionMask = 2147483647;
			files = (
			);
			runOnlyForDeploymentPostprocessing = 0;
		};
/* End PBXFrameworksBuildPhase section */

/* Begin PBXGroup section */
		844B1CF91FE17E97004AB25C /* Classes */ = {
			isa = PBXGroup;
			children = (
				844B1CFD1FE17E97004AB25C /* Main */,
				844B1CFB1FE17E97004AB25C /* Home */,
				844B1CFA1FE17E97004AB25C /* Follow */,
				844B1CFC1FE17E97004AB25C /* Live */,
				844B1CFE1FE17E97004AB25C /* Profile */,
				844B1CFF1FE17E97004AB25C /* Tools */,
			);
			path = Classes;
			sourceTree = "<group>";
		};
		844B1CFA1FE17E97004AB25C /* Follow */ = {
			isa = PBXGroup;
			children = (
				848BE6081FE40DCD004FA73F /* Follow.storyboard */,
				848BE5FA1FE40AF8004FA73F /* Cell */,
				848BE5FB1FE40AF8004FA73F /* View */,
				848BE5FC1FE40AF8004FA73F /* Model */,
				848BE5FD1FE40AF8004FA73F /* Controller */,
			);
			path = Follow;
			sourceTree = "<group>";
		};
		844B1CFB1FE17E97004AB25C /* Home */ = {
			isa = PBXGroup;
			children = (
				848BE5F61FE40AEB004FA73F /* Cell */,
				848BE5F71FE40AEB004FA73F /* View */,
				848BE5F81FE40AEB004FA73F /* Model */,
				848BE5F91FE40AEB004FA73F /* Controller */,
				848BE5EA1FE408D8004FA73F /* Home.storyboard */,
			);
			path = Home;
			sourceTree = "<group>";
		};
		844B1CFC1FE17E97004AB25C /* Live */ = {
			isa = PBXGroup;
			children = (
				848BE5FE1FE40B09004FA73F /* Cell */,
				848BE5FF1FE40B09004FA73F /* View */,
				848BE6001FE40B09004FA73F /* Model */,
				848BE6011FE40B09004FA73F /* Controller */,
				848BE5EC1FE40985004FA73F /* Live.storyboard */,
			);
			path = Live;
			sourceTree = "<group>";
		};
		844B1CFD1FE17E97004AB25C /* Main */ = {
			isa = PBXGroup;
			children = (
				848BE5F21FE40AD7004FA73F /* Cell */,
				848BE5F31FE40AD7004FA73F /* View */,
				848BE5F41FE40AD7004FA73F /* Model */,
				848BE5F51FE40AD7004FA73F /* Controller */,
				84AFF3061FE177F1006DBC83 /* Main.storyboard */,
			);
			path = Main;
			sourceTree = "<group>";
		};
		844B1CFE1FE17E97004AB25C /* Profile */ = {
			isa = PBXGroup;
			children = (
				848BE60A1FE40ECB004FA73F /* Profile.storyboard */,
				848BE6021FE40B13004FA73F /* Cell */,
				848BE6031FE40B13004FA73F /* View */,
				848BE6041FE40B13004FA73F /* Model */,
				848BE6051FE40B13004FA73F /* Controller */,
			);
			path = Profile;
			sourceTree = "<group>";
		};
		844B1CFF1FE17E97004AB25C /* Tools */ = {
			isa = PBXGroup;
			children = (
			);
			path = Tools;
			sourceTree = "<group>";
		};
		848BE5F21FE40AD7004FA73F /* Cell */ = {
			isa = PBXGroup;
			children = (
			);
			path = Cell;
			sourceTree = "<group>";
		};
		848BE5F31FE40AD7004FA73F /* View */ = {
			isa = PBXGroup;
			children = (
			);
			path = View;
			sourceTree = "<group>";
		};
		848BE5F41FE40AD7004FA73F /* Model */ = {
			isa = PBXGroup;
			children = (
			);
			path = Model;
			sourceTree = "<group>";
		};
		848BE5F51FE40AD7004FA73F /* Controller */ = {
			isa = PBXGroup;
			children = (
				848BE6061FE40BAF004FA73F /* MainController.swift */,
			);
			path = Controller;
			sourceTree = "<group>";
		};
		848BE5F61FE40AEB004FA73F /* Cell */ = {
			isa = PBXGroup;
			children = (
			);
			path = Cell;
			sourceTree = "<group>";
		};
		848BE5F71FE40AEB004FA73F /* View */ = {
			isa = PBXGroup;
			children = (
			);
			path = View;
			sourceTree = "<group>";
		};
		848BE5F81FE40AEB004FA73F /* Model */ = {
			isa = PBXGroup;
			children = (
			);
			path = Model;
			sourceTree = "<group>";
		};
		848BE5F91FE40AEB004FA73F /* Controller */ = {
			isa = PBXGroup;
			children = (
			);
			path = Controller;
			sourceTree = "<group>";
		};
		848BE5FA1FE40AF8004FA73F /* Cell */ = {
			isa = PBXGroup;
			children = (
			);
			path = Cell;
			sourceTree = "<group>";
		};
		848BE5FB1FE40AF8004FA73F /* View */ = {
			isa = PBXGroup;
			children = (
			);
			path = View;
			sourceTree = "<group>";
		};
		848BE5FC1FE40AF8004FA73F /* Model */ = {
			isa = PBXGroup;
			children = (
			);
			path = Model;
			sourceTree = "<group>";
		};
		848BE5FD1FE40AF8004FA73F /* Controller */ = {
			isa = PBXGroup;
			children = (
			);
			path = Controller;
			sourceTree = "<group>";
		};
		848BE5FE1FE40B09004FA73F /* Cell */ = {
			isa = PBXGroup;
			children = (
			);
			path = Cell;
			sourceTree = "<group>";
		};
		848BE5FF1FE40B09004FA73F /* View */ = {
			isa = PBXGroup;
			children = (
			);
			path = View;
			sourceTree = "<group>";
		};
		848BE6001FE40B09004FA73F /* Model */ = {
			isa = PBXGroup;
			children = (
			);
			path = Model;
			sourceTree = "<group>";
		};
		848BE6011FE40B09004FA73F /* Controller */ = {
			isa = PBXGroup;
			children = (
			);
			path = Controller;
			sourceTree = "<group>";
		};
		848BE6021FE40B13004FA73F /* Cell */ = {
			isa = PBXGroup;
			children = (
			);
			path = Cell;
			sourceTree = "<group>";
		};
		848BE6031FE40B13004FA73F /* View */ = {
			isa = PBXGroup;
			children = (
			);
			path = View;
			sourceTree = "<group>";
		};
		848BE6041FE40B13004FA73F /* Model */ = {
			isa = PBXGroup;
			children = (
			);
			path = Model;
			sourceTree = "<group>";
		};
		848BE6051FE40B13004FA73F /* Controller */ = {
			isa = PBXGroup;
			children = (
			);
			path = Controller;
			sourceTree = "<group>";
		};
		84AFF2F41FE177F1006DBC83 = {
			isa = PBXGroup;
			children = (
				84AFF2FF1FE177F1006DBC83 /* DYZBDemo */,
				84AFF2FE1FE177F1006DBC83 /* Products */,
			);
			sourceTree = "<group>";
		};
		84AFF2FE1FE177F1006DBC83 /* Products */ = {
			isa = PBXGroup;
			children = (
				84AFF2FD1FE177F1006DBC83 /* DYZBDemo.app */,
			);
			name = Products;
			sourceTree = "<group>";
		};
		84AFF2FF1FE177F1006DBC83 /* DYZBDemo */ = {
			isa = PBXGroup;
			children = (
				844B1CF91FE17E97004AB25C /* Classes */,
				84AFF3001FE177F1006DBC83 /* AppDelegate.swift */,
				84AFF3091FE177F1006DBC83 /* Assets.xcassets */,
				84AFF30B1FE177F1006DBC83 /* LaunchScreen.storyboard */,
				84AFF30E1FE177F1006DBC83 /* Info.plist */,
			);
			path = DYZBDemo;
			sourceTree = "<group>";
		};
/* End PBXGroup section */

/* Begin PBXNativeTarget section */
		84AFF2FC1FE177F1006DBC83 /* DYZBDemo */ = {
			isa = PBXNativeTarget;
			buildConfigurationList = 84AFF3111FE177F1006DBC83 /* Build configuration list for PBXNativeTarget "DYZBDemo" */;
			buildPhases = (
				84AFF2F91FE177F1006DBC83 /* Sources */,
				84AFF2FA1FE177F1006DBC83 /* Frameworks */,
				84AFF2FB1FE177F1006DBC83 /* Resources */,
			);
			buildRules = (
			);
			dependencies = (
			);
			name = DYZBDemo;
			productName = DYZBDemo;
			productReference = 84AFF2FD1FE177F1006DBC83 /* DYZBDemo.app */;
			productType = "com.apple.product-type.application";
		};
/* End PBXNativeTarget section */

/* Begin PBXProject section */
		84AFF2F51FE177F1006DBC83 /* Project object */ = {
			isa = PBXProject;
			attributes = {
				LastSwiftUpdateCheck = 0810;
				LastUpgradeCheck = 0810;
				ORGANIZATIONNAME = tdin360;
				TargetAttributes = {
					84AFF2FC1FE177F1006DBC83 = {
						CreatedOnToolsVersion = 8.1;
						DevelopmentTeam = 6Y4W4XMAR5;
						ProvisioningStyle = Automatic;
					};
				};
			};
			buildConfigurationList = 84AFF2F81FE177F1006DBC83 /* Build configuration list for PBXProject "DYZBDemo" */;
			compatibilityVersion = "Xcode 3.2";
			developmentRegion = English;
			hasScannedForEncodings = 0;
			knownRegions = (
				en,
				Base,
			);
			mainGroup = 84AFF2F41FE177F1006DBC83;
			productRefGroup = 84AFF2FE1FE177F1006DBC83 /* Products */;
			projectDirPath = "";
			projectRoot = "";
			targets = (
				84AFF2FC1FE177F1006DBC83 /* DYZBDemo */,
			);
		};
/* End PBXProject section */

/* Begin PBXResourcesBuildPhase section */
		84AFF2FB1FE177F1006DBC83 /* Resources */ = {
			isa = PBXResourcesBuildPhase;
			buildActionMask = 2147483647;
			files = (
				84AFF30D1FE177F1006DBC83 /* LaunchScreen.storyboard in Resources */,
				84AFF30A1FE177F1006DBC83 /* Assets.xcassets in Resources */,
				84AFF3081FE177F1006DBC83 /* Main.storyboard in Resources */,
				848BE5ED1FE40985004FA73F /* Live.storyboard in Resources */,
				848BE5EB1FE408D8004FA73F /* Home.storyboard in Resources */,
				848BE60B1FE40ECC004FA73F /* Profile.storyboard in Resources */,
				848BE6091FE40DCD004FA73F /* Follow.storyboard in Resources */,
			);
			runOnlyForDeploymentPostprocessing = 0;
		};
/* End PBXResourcesBuildPhase section */

/* Begin PBXSourcesBuildPhase section */
		84AFF2F91FE177F1006DBC83 /* Sources */ = {
			isa = PBXSourcesBuildPhase;
			buildActionMask = 2147483647;
			files = (
				848BE6071FE40BAF004FA73F /* MainController.swift in Sources */,
				84AFF3011FE177F1006DBC83 /* AppDelegate.swift in Sources */,
			);
			runOnlyForDeploymentPostprocessing = 0;
		};
/* End PBXSourcesBuildPhase section */

/* Begin PBXVariantGroup section */
		84AFF3061FE177F1006DBC83 /* Main.storyboard */ = {
			isa = PBXVariantGroup;
			children = (
				84AFF3071FE177F1006DBC83 /* Base */,
			);
			name = Main.storyboard;
			path = ../..;
			sourceTree = "<group>";
		};
		84AFF30B1FE177F1006DBC83 /* LaunchScreen.storyboard */ = {
			isa = PBXVariantGroup;
			children = (
				84AFF30C1FE177F1006DBC83 /* Base */,
			);
			name = LaunchScreen.storyboard;
			sourceTree = "<group>";
		};
/* End PBXVariantGroup section */

/* Begin XCBuildConfiguration section */
		84AFF30F1FE177F1006DBC83 /* Debug */ = {
			isa = XCBuildConfiguration;
			buildSettings = {
				ALWAYS_SEARCH_USER_PATHS = NO;
				CLANG_ANALYZER_NONNULL = YES;
				CLANG_CXX_LANGUAGE_STANDARD = "gnu++0x";
				CLANG_CXX_LIBRARY = "libc++";
				CLANG_ENABLE_MODULES = YES;
				CLANG_ENABLE_OBJC_ARC = YES;
				CLANG_WARN_BOOL_CONVERSION = YES;
				CLANG_WARN_CONSTANT_CONVERSION = YES;
				CLANG_WARN_DIRECT_OBJC_ISA_USAGE = YES_ERROR;
				CLANG_WARN_DOCUMENTATION_COMMENTS = YES;
				CLANG_WARN_EMPTY_BODY = YES;
				CLANG_WARN_ENUM_CONVERSION = YES;
				CLANG_WARN_INFINITE_RECURSION = YES;
				CLANG_WARN_INT_CONVERSION = YES;
				CLANG_WARN_OBJC_ROOT_CLASS = YES_ERROR;
				CLANG_WARN_SUSPICIOUS_MOVES = YES;
				CLANG_WARN_UNREACHABLE_CODE = YES;
				CLANG_WARN__DUPLICATE_METHOD_MATCH = YES;
				"CODE_SIGN_IDENTITY[sdk=iphoneos*]" = "iPhone Developer";
				COPY_PHASE_STRIP = NO;
				DEBUG_INFORMATION_FORMAT = dwarf;
				ENABLE_STRICT_OBJC_MSGSEND = YES;
				ENABLE_TESTABILITY = YES;
				GCC_C_LANGUAGE_STANDARD = gnu99;
				GCC_DYNAMIC_NO_PIC = NO;
				GCC_NO_COMMON_BLOCKS = YES;
				GCC_OPTIMIZATION_LEVEL = 0;
				GCC_PREPROCESSOR_DEFINITIONS = (
					"DEBUG=1",
					"$(inherited)",
				);
				GCC_WARN_64_TO_32_BIT_CONVERSION = YES;
				GCC_WARN_ABOUT_RETURN_TYPE = YES_ERROR;
				GCC_WARN_UNDECLARED_SELECTOR = YES;
				GCC_WARN_UNINITIALIZED_AUTOS = YES_AGGRESSIVE;
				GCC_WARN_UNUSED_FUNCTION = YES;
				GCC_WARN_UNUSED_VARIABLE = YES;
				IPHONEOS_DEPLOYMENT_TARGET = 10.1;
				MTL_ENABLE_DEBUG_INFO = YES;
				ONLY_ACTIVE_ARCH = YES;
				SDKROOT = iphoneos;
				SWIFT_ACTIVE_COMPILATION_CONDITIONS = DEBUG;
				SWIFT_OPTIMIZATION_LEVEL = "-Onone";
				TARGETED_DEVICE_FAMILY = "1,2";
			};
			name = Debug;
		};
		84AFF3101FE177F1006DBC83 /* Release */ = {
			isa = XCBuildConfiguration;
			buildSettings = {
				ALWAYS_SEARCH_USER_PATHS = NO;
				CLANG_ANALYZER_NONNULL = YES;
				CLANG_CXX_LANGUAGE_STANDARD = "gnu++0x";
				CLANG_CXX_LIBRARY = "libc++";
				CLANG_ENABLE_MODULES = YES;
				CLANG_ENABLE_OBJC_ARC = YES;
				CLANG_WARN_BOOL_CONVERSION = YES;
				CLANG_WARN_CONSTANT_CONVERSION = YES;
				CLANG_WARN_DIRECT_OBJC_ISA_USAGE = YES_ERROR;
				CLANG_WARN_DOCUMENTATION_COMMENTS = YES;
				CLANG_WARN_EMPTY_BODY = YES;
				CLANG_WARN_ENUM_CONVERSION = YES;
				CLANG_WARN_INFINITE_RECURSION = YES;
				CLANG_WARN_INT_CONVERSION = YES;
				CLANG_WARN_OBJC_ROOT_CLASS = YES_ERROR;
				CLANG_WARN_SUSPICIOUS_MOVES = YES;
				CLANG_WARN_UNREACHABLE_CODE = YES;
				CLANG_WARN__DUPLICATE_METHOD_MATCH = YES;
				"CODE_SIGN_IDENTITY[sdk=iphoneos*]" = "iPhone Developer";
				COPY_PHASE_STRIP = NO;
				DEBUG_INFORMATION_FORMAT = "dwarf-with-dsym";
				ENABLE_NS_ASSERTIONS = NO;
				ENABLE_STRICT_OBJC_MSGSEND = YES;
				GCC_C_LANGUAGE_STANDARD = gnu99;
				GCC_NO_COMMON_BLOCKS = YES;
				GCC_WARN_64_TO_32_BIT_CONVERSION = YES;
				GCC_WARN_ABOUT_RETURN_TYPE = YES_ERROR;
				GCC_WARN_UNDECLARED_SELECTOR = YES;
				GCC_WARN_UNINITIALIZED_AUTOS = YES_AGGRESSIVE;
				GCC_WARN_UNUSED_FUNCTION = YES;
				GCC_WARN_UNUSED_VARIABLE = YES;
				IPHONEOS_DEPLOYMENT_TARGET = 10.1;
				MTL_ENABLE_DEBUG_INFO = NO;
				SDKROOT = iphoneos;
				SWIFT_OPTIMIZATION_LEVEL = "-Owholemodule";
				TARGETED_DEVICE_FAMILY = "1,2";
				VALIDATE_PRODUCT = YES;
			};
			name = Release;
		};
		84AFF3121FE177F1006DBC83 /* Debug */ = {
			isa = XCBuildConfiguration;
			buildSettings = {
				ASSETCATALOG_COMPILER_APPICON_NAME = AppIcon;
				ASSETCATALOG_COMPILER_LAUNCHIMAGE_NAME = LaunchImage;
				DEVELOPMENT_TEAM = 6Y4W4XMAR5;
				INFOPLIST_FILE = DYZBDemo/Info.plist;
				IPHONEOS_DEPLOYMENT_TARGET = 8.0;
				LD_RUNPATH_SEARCH_PATHS = "$(inherited) @executable_path/Frameworks";
				PRODUCT_BUNDLE_IDENTIFIER = com.tdin360.DYZBDemo;
				PRODUCT_NAME = "$(TARGET_NAME)";
				SWIFT_VERSION = 3.0;
			};
			name = Debug;
		};
		84AFF3131FE177F1006DBC83 /* Release */ = {
			isa = XCBuildConfiguration;
			buildSettings = {
				ASSETCATALOG_COMPILER_APPICON_NAME = AppIcon;
				ASSETCATALOG_COMPILER_LAUNCHIMAGE_NAME = LaunchImage;
				DEVELOPMENT_TEAM = 6Y4W4XMAR5;
				INFOPLIST_FILE = DYZBDemo/Info.plist;
				IPHONEOS_DEPLOYMENT_TARGET = 8.0;
				LD_RUNPATH_SEARCH_PATHS = "$(inherited) @executable_path/Frameworks";
				PRODUCT_BUNDLE_IDENTIFIER = com.tdin360.DYZBDemo;
				PRODUCT_NAME = "$(TARGET_NAME)";
				SWIFT_VERSION = 3.0;
			};
			name = Release;
		};
/* End XCBuildConfiguration section */

/* Begin XCConfigurationList section */
		84AFF2F81FE177F1006DBC83 /* Build configuration list for PBXProject "DYZBDemo" */ = {
			isa = XCConfigurationList;
			buildConfigurations = (
				84AFF30F1FE177F1006DBC83 /* Debug */,
				84AFF3101FE177F1006DBC83 /* Release */,
			);
			defaultConfigurationIsVisible = 0;
			defaultConfigurationName = Release;
		};
		84AFF3111FE177F1006DBC83 /* Build configuration list for PBXNativeTarget "DYZBDemo" */ = {
			isa = XCConfigurationList;
			buildConfigurations = (
				84AFF3121FE177F1006DBC83 /* Debug */,
				84AFF3131FE177F1006DBC83 /* Release */,
			);
			defaultConfigurationIsVisible = 0;
			defaultConfigurationName = Release;
		};
/* End XCConfigurationList section */
	};
	rootObject = 84AFF2F51FE177F1006DBC83 /* Project object */;
}
